
Microsoft Visual Studio Solution File, Format Version 12.00
# Visual Studio Version 16
VisualStudioVersion = 16.0.29215.179
MinimumVisualStudioVersion = 10.0.40219.1
Project("{FAE04EC0-301F-11D3-BF4B-00C04F79EFBC}") = "DogApplication", "DogApplication\DogApplication.csproj", "{FD57344E-08E8-42A6-96E8-62D57C3AE354}"
EndProject
Global
	GlobalSection(SolutionConfigurationPlatforms) = preSolution
		Debug|Any CPU = Debug|Any CPU
		Release|Any CPU = Release|Any CPU
	EndGlobalSection
	GlobalSection(ProjectConfigurationPlatforms) = postSolution
		{FD57344E-08E8-42A6-96E8-62D57C3AE354}.Debug|Any CPU.ActiveCfg = Debug|Any CPU
		{FD57344E-08E8-42A6-96E8-62D57C3AE354}.Debug|Any CPU.Build.0 = Debug|Any CPU
		{FD57344E-08E8-42A6-96E8-62D57C3AE354}.Release|Any CPU.ActiveCfg = Release|Any CPU
		{FD57344E-08E8-42A6-96E8-62D57C3AE354}.Release|Any CPU.Build.0 = Release|Any CPU
	EndGlobalSection
	GlobalSection(SolutionProperties) = preSolution
		HideSolutionNode = FALSE
	EndGlobalSection
	GlobalSection(ExtensibilityGlobals) = postSolution
		SolutionGuid = {255C5BBA-1191-47CB-888A-9B1BB50779B3}
	EndGlobalSection
EndGlobal
